
Microsoft Visual Studio Solution File, Format Version 12.00
# Visual Studio Version 16
VisualStudioVersion = 16.0.31105.61
MinimumVisualStudioVersion = 10.0.40219.1
Project("{FAE04EC0-301F-11D3-BF4B-00C04F79EFBC}") = "IliaAssignment", "IliaAssignment\IliaAssignment.csproj", "{FE975C96-C5A4-4ADB-BE5A-0830A7D90401}"
EndProject
Project("{FAE04EC0-301F-11D3-BF4B-00C04F79EFBC}") = "IliaAssignmentTests", "IliaAssignmentTests\IliaAssignmentTests.csproj", "{1E08A476-3AF8-400B-A516-FB25DEEA878B}"
EndProject
Global
	GlobalSection(SolutionConfigurationPlatforms) = preSolution
		Debug|Any CPU = Debug|Any CPU
		Release|Any CPU = Release|Any CPU
	EndGlobalSection
	GlobalSection(ProjectConfigurationPlatforms) = postSolution
		{FE975C96-C5A4-4ADB-BE5A-0830A7D90401}.Debug|Any CPU.ActiveCfg = Debug|Any CPU
		{FE975C96-C5A4-4ADB-BE5A-0830A7D90401}.Debug|Any CPU.Build.0 = Debug|Any CPU
		{FE975C96-C5A4-4ADB-BE5A-0830A7D90401}.Release|Any CPU.ActiveCfg = Release|Any CPU
		{FE975C96-C5A4-4ADB-BE5A-0830A7D90401}.Release|Any CPU.Build.0 = Release|Any CPU
		{1E08A476-3AF8-400B-A516-FB25DEEA878B}.Debug|Any CPU.ActiveCfg = Debug|Any CPU
		{1E08A476-3AF8-400B-A516-FB25DEEA878B}.Debug|Any CPU.Build.0 = Debug|Any CPU
		{1E08A476-3AF8-400B-A516-FB25DEEA878B}.Release|Any CPU.ActiveCfg = Release|Any CPU
		{1E08A476-3AF8-400B-A516-FB25DEEA878B}.Release|Any CPU.Build.0 = Release|Any CPU
	EndGlobalSection
	GlobalSection(SolutionProperties) = preSolution
		HideSolutionNode = FALSE
	EndGlobalSection
	GlobalSection(ExtensibilityGlobals) = postSolution
		SolutionGuid = {12C36F57-26B2-4469-9606-60F124B6B207}
	EndGlobalSection
EndGlobal
